
Microsoft Visual Studio Solution File, Format Version 12.00
# Visual Studio Version 16
VisualStudioVersion = 16.0.31005.135
MinimumVisualStudioVersion = 10.0.40219.1
Project("{9A19103F-16F7-4668-BE54-9A1E7A4F7556}") = "RubeGoldbergFunction", "RubeGoldbergFunction\RubeGoldbergFunction.csproj", "{FA3384F3-752B-4EB7-A80C-2F75F9EC1824}"
EndProject
Project("{9A19103F-16F7-4668-BE54-9A1E7A4F7556}") = "RubeGoldbergFunction.Tests", "RubeGoldbergFunction.Tests\RubeGoldbergFunction.Tests.csproj", "{8A490FFB-795B-4FA0-B718-0D90ABFB2250}"
EndProject
Global
	GlobalSection(SolutionConfigurationPlatforms) = preSolution
		Debug|Any CPU = Debug|Any CPU
		Release|Any CPU = Release|Any CPU
	EndGlobalSection
	GlobalSection(ProjectConfigurationPlatforms) = postSolution
		{FA3384F3-752B-4EB7-A80C-2F75F9EC1824}.Debug|Any CPU.ActiveCfg = Debug|Any CPU
		{FA3384F3-752B-4EB7-A80C-2F75F9EC1824}.Debug|Any CPU.Build.0 = Debug|Any CPU
		{FA3384F3-752B-4EB7-A80C-2F75F9EC1824}.Release|Any CPU.ActiveCfg = Release|Any CPU
		{FA3384F3-752B-4EB7-A80C-2F75F9EC1824}.Release|Any CPU.Build.0 = Release|Any CPU
		{8A490FFB-795B-4FA0-B718-0D90ABFB2250}.Debug|Any CPU.ActiveCfg = Debug|Any CPU
		{8A490FFB-795B-4FA0-B718-0D90ABFB2250}.Debug|Any CPU.Build.0 = Debug|Any CPU
		{8A490FFB-795B-4FA0-B718-0D90ABFB2250}.Release|Any CPU.ActiveCfg = Release|Any CPU
		{8A490FFB-795B-4FA0-B718-0D90ABFB2250}.Release|Any CPU.Build.0 = Release|Any CPU
	EndGlobalSection
	GlobalSection(SolutionProperties) = preSolution
		HideSolutionNode = FALSE
	EndGlobalSection
	GlobalSection(ExtensibilityGlobals) = postSolution
		SolutionGuid = {147B14EA-7A2A-40C8-AC58-97B46EBA0EB1}
	EndGlobalSection
EndGlobal
